
Microsoft Visual Studio Solution File, Format Version 12.00
# Visual Studio 2017
Project("{FAE04EC0-301F-11D3-BF4B-00C04F79EFBC}") = "TANKS!", "TANKS!.csproj", "{1829427A-53FD-9111-1FC8-82D3AE638138}"
EndProject
Project("{FAE04EC0-301F-11D3-BF4B-00C04F79EFBC}") = "TANKS!.Editor", "TANKS!.Editor.csproj", "{5B486B02-D85A-6873-9D85-30BBF6895E39}"
EndProject
Global
	GlobalSection(SolutionConfigurationPlatforms) = preSolution
		Debug|Any CPU = Debug|Any CPU
		Release|Any CPU = Release|Any CPU
	EndGlobalSection
	GlobalSection(ProjectConfigurationPlatforms) = postSolution
		{1829427A-53FD-9111-1FC8-82D3AE638138}.Debug|Any CPU.ActiveCfg = Debug|Any CPU
		{1829427A-53FD-9111-1FC8-82D3AE638138}.Debug|Any CPU.Build.0 = Debug|Any CPU
		{1829427A-53FD-9111-1FC8-82D3AE638138}.Release|Any CPU.ActiveCfg = Release|Any CPU
		{1829427A-53FD-9111-1FC8-82D3AE638138}.Release|Any CPU.Build.0 = Release|Any CPU
		{5B486B02-D85A-6873-9D85-30BBF6895E39}.Debug|Any CPU.ActiveCfg = Debug|Any CPU
		{5B486B02-D85A-6873-9D85-30BBF6895E39}.Debug|Any CPU.Build.0 = Debug|Any CPU
		{5B486B02-D85A-6873-9D85-30BBF6895E39}.Release|Any CPU.ActiveCfg = Release|Any CPU
		{5B486B02-D85A-6873-9D85-30BBF6895E39}.Release|Any CPU.Build.0 = Release|Any CPU
	EndGlobalSection
	GlobalSection(SolutionProperties) = preSolution
		HideSolutionNode = FALSE
	EndGlobalSection
EndGlobal
