
Microsoft Visual Studio Solution File, Format Version 12.00
# Visual Studio 2017
Project("{FAE04EC0-301F-11D3-BF4B-00C04F79EFBC}") = "Nightmare Survival", "Nightmare Survival.csproj", "{9F5E4274-DCC3-01EA-C7DC-8B86FF932CD4}"
EndProject
Project("{FAE04EC0-301F-11D3-BF4B-00C04F79EFBC}") = "Nightmare Survival.Editor", "Nightmare Survival.Editor.csproj", "{184C1732-12B1-FB0C-F6F2-F02413C52985}"
EndProject
Global
	GlobalSection(SolutionConfigurationPlatforms) = preSolution
		Debug|Any CPU = Debug|Any CPU
		Release|Any CPU = Release|Any CPU
	EndGlobalSection
	GlobalSection(ProjectConfigurationPlatforms) = postSolution
		{9F5E4274-DCC3-01EA-C7DC-8B86FF932CD4}.Debug|Any CPU.ActiveCfg = Debug|Any CPU
		{9F5E4274-DCC3-01EA-C7DC-8B86FF932CD4}.Debug|Any CPU.Build.0 = Debug|Any CPU
		{9F5E4274-DCC3-01EA-C7DC-8B86FF932CD4}.Release|Any CPU.ActiveCfg = Release|Any CPU
		{9F5E4274-DCC3-01EA-C7DC-8B86FF932CD4}.Release|Any CPU.Build.0 = Release|Any CPU
		{184C1732-12B1-FB0C-F6F2-F02413C52985}.Debug|Any CPU.ActiveCfg = Debug|Any CPU
		{184C1732-12B1-FB0C-F6F2-F02413C52985}.Debug|Any CPU.Build.0 = Debug|Any CPU
		{184C1732-12B1-FB0C-F6F2-F02413C52985}.Release|Any CPU.ActiveCfg = Release|Any CPU
		{184C1732-12B1-FB0C-F6F2-F02413C52985}.Release|Any CPU.Build.0 = Release|Any CPU
	EndGlobalSection
	GlobalSection(SolutionProperties) = preSolution
		HideSolutionNode = FALSE
	EndGlobalSection
EndGlobal
